{
  "pins" : [
    {
      "identity" : "daouangle",
      "kind" : "remoteSourceControl",
      "location" : "https://github.com/DaouMobile/DaouAngle",
      "state" : {
        "revision" : "7e384b9c83452c6ed1df6d9ba943ad176fbcbe5d",
        "version" : "1.0.1"
      }
    }
  ],
  "version" : 2
}
