{
  "pins" : [
    {
      "identity" : "daouangle",
      "kind" : "remoteSourceControl",
      "location" : "https://github.com/DaouMobile/DaouAngle",
      "state" : {
        "revision" : "456cda161a53d246614839dd846713903e99bcab",
        "version" : "1.0.0"
      }
    }
  ],
  "version" : 2
}
